
Microsoft Visual Studio Solution File, Format Version 12.00
# Visual Studio Version 17
VisualStudioVersion = 17.11.35222.181
MinimumVisualStudioVersion = 10.0.40219.1
Project("{9A19103F-16F7-4668-BE54-9A1E7A4F7556}") = "Wkg.IO.FileSignatures", "Wkg.IO.FileSignatures\Wkg.IO.FileSignatures.csproj", "{C53D1868-D52C-46C6-93E9-025979B067AE}"
EndProject
Project("{2150E333-8FDC-42A3-9474-1A3956D46DE8}") = "Solution Items", "Solution Items", "{11C91C9B-5A0B-48AF-A303-1F1CC66FECC0}"
	ProjectSection(SolutionItems) = preProject
		.editorconfig = .editorconfig
		Directory.Build.props = Directory.Build.props
		nuget.config = nuget.config
	EndProjectSection
EndProject
Project("{FAE04EC0-301F-11D3-BF4B-00C04F79EFBC}") = "Wkg.IO.FileSignatures.Tests", "Wkg.IO.FileSignatures.Tests\Wkg.IO.FileSignatures.Tests.csproj", "{2992E0D0-FEF4-4BCF-A851-30845CBF2A43}"
EndProject
Global
	GlobalSection(SolutionConfigurationPlatforms) = preSolution
		Debug|Any CPU = Debug|Any CPU
		Release|Any CPU = Release|Any CPU
	EndGlobalSection
	GlobalSection(ProjectConfigurationPlatforms) = postSolution
		{C53D1868-D52C-46C6-93E9-025979B067AE}.Debug|Any CPU.ActiveCfg = Debug|Any CPU
		{C53D1868-D52C-46C6-93E9-025979B067AE}.Debug|Any CPU.Build.0 = Debug|Any CPU
		{C53D1868-D52C-46C6-93E9-025979B067AE}.Release|Any CPU.ActiveCfg = Release|Any CPU
		{C53D1868-D52C-46C6-93E9-025979B067AE}.Release|Any CPU.Build.0 = Release|Any CPU
		{2992E0D0-FEF4-4BCF-A851-30845CBF2A43}.Debug|Any CPU.ActiveCfg = Debug|Any CPU
		{2992E0D0-FEF4-4BCF-A851-30845CBF2A43}.Debug|Any CPU.Build.0 = Debug|Any CPU
		{2992E0D0-FEF4-4BCF-A851-30845CBF2A43}.Release|Any CPU.ActiveCfg = Release|Any CPU
		{2992E0D0-FEF4-4BCF-A851-30845CBF2A43}.Release|Any CPU.Build.0 = Release|Any CPU
		{D1D349F6-831B-4A8A-A7BA-35ED59B5DFE0}.Debug|Any CPU.ActiveCfg = Debug|Any CPU
		{D1D349F6-831B-4A8A-A7BA-35ED59B5DFE0}.Debug|Any CPU.Build.0 = Debug|Any CPU
		{D1D349F6-831B-4A8A-A7BA-35ED59B5DFE0}.Release|Any CPU.ActiveCfg = Release|Any CPU
		{D1D349F6-831B-4A8A-A7BA-35ED59B5DFE0}.Release|Any CPU.Build.0 = Release|Any CPU
	EndGlobalSection
	GlobalSection(SolutionProperties) = preSolution
		HideSolutionNode = FALSE
	EndGlobalSection
	GlobalSection(ExtensibilityGlobals) = postSolution
		SolutionGuid = {CE78C00D-5CD5-4907-B6DF-D379020FFF8C}
	EndGlobalSection
EndGlobal
